// !$*UTF8*$!
{
	archiveVersion = 1;
	classes = {
	};
	objectVersion = 56;
	objects = {

/* Begin PBXBuildFile section */
		722FBDB129BE50EE003753E2 /* NavStack.swift in Sources */ = {isa = PBXBuildFile; fileRef = 722FBDB029BE50EE003753E2 /* NavStack.swift */; };
		724D2ACC29BBEEBC001FA5D7 /* VisitableSwiftUIController.swift in Sources */ = {isa = PBXBuildFile; fileRef = 724D2ACB29BBEEBC001FA5D7 /* VisitableSwiftUIController.swift */; };
		72CA943C29B9341700A04788 /* DemoApp.swift in Sources */ = {isa = PBXBuildFile; fileRef = 72CA943B29B9341700A04788 /* DemoApp.swift */; };
		72CA943E29B9341700A04788 /* ContentView.swift in Sources */ = {isa = PBXBuildFile; fileRef = 72CA943D29B9341700A04788 /* ContentView.swift */; };
		72CA944029B9341900A04788 /* Assets.xcassets in Resources */ = {isa = PBXBuildFile; fileRef = 72CA943F29B9341900A04788 /* Assets.xcassets */; };
		72CA944429B9341900A04788 /* Preview Assets.xcassets in Resources */ = {isa = PBXBuildFile; fileRef = 72CA944329B9341900A04788 /* Preview Assets.xcassets */; };
		72CA944E29B9341900A04788 /* DemoTests.swift in Sources */ = {isa = PBXBuildFile; fileRef = 72CA944D29B9341900A04788 /* DemoTests.swift */; };
		72CA945829B9341900A04788 /* DemoUITests.swift in Sources */ = {isa = PBXBuildFile; fileRef = 72CA945729B9341900A04788 /* DemoUITests.swift */; };
		72CA945A29B9341900A04788 /* DemoUITestsLaunchTests.swift in Sources */ = {isa = PBXBuildFile; fileRef = 72CA945929B9341900A04788 /* DemoUITestsLaunchTests.swift */; };
		72CA946829B9348000A04788 /* Turbo in Frameworks */ = {isa = PBXBuildFile; productRef = 72CA946729B9348000A04788 /* Turbo */; };
		72CA946B29B9358E00A04788 /* MakeHashable.swift in Sources */ = {isa = PBXBuildFile; fileRef = 72CA946A29B9358E00A04788 /* MakeHashable.swift */; };
		72CA946D29B937C300A04788 /* TurboUIWrapperView.swift in Sources */ = {isa = PBXBuildFile; fileRef = 72CA946C29B937C300A04788 /* TurboUIWrapperView.swift */; };
		72CA946F29B9381800A04788 /* SessionGenerator.swift in Sources */ = {isa = PBXBuildFile; fileRef = 72CA946E29B9381800A04788 /* SessionGenerator.swift */; };
		72CA947129B9386500A04788 /* TurboNavigationHelper.swift in Sources */ = {isa = PBXBuildFile; fileRef = 72CA947029B9386500A04788 /* TurboNavigationHelper.swift */; };
		72CA947329B940E400A04788 /* ErrorView.swift in Sources */ = {isa = PBXBuildFile; fileRef = 72CA947229B940E400A04788 /* ErrorView.swift */; };
		72CA947529B9488600A04788 /* path-configuration.json in Resources */ = {isa = PBXBuildFile; fileRef = 72CA947429B9488600A04788 /* path-configuration.json */; };
		72CA947729B94A2900A04788 /* NumbersListView.swift in Sources */ = {isa = PBXBuildFile; fileRef = 72CA947629B94A2900A04788 /* NumbersListView.swift */; };
		72CA947D29BBDAF600A04788 /* TurboView.swift in Sources */ = {isa = PBXBuildFile; fileRef = 72CA947C29BBDAF600A04788 /* TurboView.swift */; };
/* End PBXBuildFile section */

/* Begin PBXContainerItemProxy section */
		72CA944A29B9341900A04788 /* PBXContainerItemProxy */ = {
			isa = PBXContainerItemProxy;
			containerPortal = 72CA943029B9341700A04788 /* Project object */;
			proxyType = 1;
			remoteGlobalIDString = 72CA943729B9341700A04788;
			remoteInfo = Demo;
		};
		72CA945429B9341900A04788 /* PBXContainerItemProxy */ = {
			isa = PBXContainerItemProxy;
			containerPortal = 72CA943029B9341700A04788 /* Project object */;
			proxyType = 1;
			remoteGlobalIDString = 72CA943729B9341700A04788;
			remoteInfo = Demo;
		};
/* End PBXContainerItemProxy section */

/* Begin PBXFileReference section */
		722FBDB029BE50EE003753E2 /* NavStack.swift */ = {isa = PBXFileReference; lastKnownFileType = sourcecode.swift; path = NavStack.swift; sourceTree = "<group>"; };
		724D2ACB29BBEEBC001FA5D7 /* VisitableSwiftUIController.swift */ = {isa = PBXFileReference; lastKnownFileType = sourcecode.swift; path = VisitableSwiftUIController.swift; sourceTree = "<group>"; };
		72CA943829B9341700A04788 /* Demo.app */ = {isa = PBXFileReference; explicitFileType = wrapper.application; includeInIndex = 0; path = Demo.app; sourceTree = BUILT_PRODUCTS_DIR; };
		72CA943B29B9341700A04788 /* DemoApp.swift */ = {isa = PBXFileReference; lastKnownFileType = sourcecode.swift; path = DemoApp.swift; sourceTree = "<group>"; };
		72CA943D29B9341700A04788 /* ContentView.swift */ = {isa = PBXFileReference; lastKnownFileType = sourcecode.swift; path = ContentView.swift; sourceTree = "<group>"; };
		72CA943F29B9341900A04788 /* Assets.xcassets */ = {isa = PBXFileReference; lastKnownFileType = folder.assetcatalog; path = Assets.xcassets; sourceTree = "<group>"; };
		72CA944129B9341900A04788 /* Demo.entitlements */ = {isa = PBXFileReference; lastKnownFileType = text.plist.entitlements; path = Demo.entitlements; sourceTree = "<group>"; };
		72CA944329B9341900A04788 /* Preview Assets.xcassets */ = {isa = PBXFileReference; lastKnownFileType = folder.assetcatalog; path = "Preview Assets.xcassets"; sourceTree = "<group>"; };
		72CA944929B9341900A04788 /* DemoTests.xctest */ = {isa = PBXFileReference; explicitFileType = wrapper.cfbundle; includeInIndex = 0; path = DemoTests.xctest; sourceTree = BUILT_PRODUCTS_DIR; };
		72CA944D29B9341900A04788 /* DemoTests.swift */ = {isa = PBXFileReference; lastKnownFileType = sourcecode.swift; path = DemoTests.swift; sourceTree = "<group>"; };
		72CA945329B9341900A04788 /* DemoUITests.xctest */ = {isa = PBXFileReference; explicitFileType = wrapper.cfbundle; includeInIndex = 0; path = DemoUITests.xctest; sourceTree = BUILT_PRODUCTS_DIR; };
		72CA945729B9341900A04788 /* DemoUITests.swift */ = {isa = PBXFileReference; lastKnownFileType = sourcecode.swift; path = DemoUITests.swift; sourceTree = "<group>"; };
		72CA945929B9341900A04788 /* DemoUITestsLaunchTests.swift */ = {isa = PBXFileReference; lastKnownFileType = sourcecode.swift; path = DemoUITestsLaunchTests.swift; sourceTree = "<group>"; };
		72CA946A29B9358E00A04788 /* MakeHashable.swift */ = {isa = PBXFileReference; lastKnownFileType = sourcecode.swift; path = MakeHashable.swift; sourceTree = "<group>"; };
		72CA946C29B937C300A04788 /* TurboUIWrapperView.swift */ = {isa = PBXFileReference; lastKnownFileType = sourcecode.swift; path = TurboUIWrapperView.swift; sourceTree = "<group>"; };
		72CA946E29B9381800A04788 /* SessionGenerator.swift */ = {isa = PBXFileReference; lastKnownFileType = sourcecode.swift; path = SessionGenerator.swift; sourceTree = "<group>"; };
		72CA947029B9386500A04788 /* TurboNavigationHelper.swift */ = {isa = PBXFileReference; lastKnownFileType = sourcecode.swift; path = TurboNavigationHelper.swift; sourceTree = "<group>"; };
		72CA947229B940E400A04788 /* ErrorView.swift */ = {isa = PBXFileReference; lastKnownFileType = sourcecode.swift; path = ErrorView.swift; sourceTree = "<group>"; };
		72CA947429B9488600A04788 /* path-configuration.json */ = {isa = PBXFileReference; fileEncoding = 4; lastKnownFileType = text.json; name = "path-configuration.json"; path = "../../../turbo-ios/Demo/path-configuration.json"; sourceTree = "<group>"; };
		72CA947629B94A2900A04788 /* NumbersListView.swift */ = {isa = PBXFileReference; lastKnownFileType = sourcecode.swift; path = NumbersListView.swift; sourceTree = "<group>"; };
		72CA947C29BBDAF600A04788 /* TurboView.swift */ = {isa = PBXFileReference; lastKnownFileType = sourcecode.swift; path = TurboView.swift; sourceTree = "<group>"; };
/* End PBXFileReference section */

/* Begin PBXFrameworksBuildPhase section */
		72CA943529B9341700A04788 /* Frameworks */ = {
			isa = PBXFrameworksBuildPhase;
			buildActionMask = 2147483647;
			files = (
				72CA946829B9348000A04788 /* Turbo in Frameworks */,
			);
			runOnlyForDeploymentPostprocessing = 0;
		};
		72CA944629B9341900A04788 /* Frameworks */ = {
			isa = PBXFrameworksBuildPhase;
			buildActionMask = 2147483647;
			files = (
			);
			runOnlyForDeploymentPostprocessing = 0;
		};
		72CA945029B9341900A04788 /* Frameworks */ = {
			isa = PBXFrameworksBuildPhase;
			buildActionMask = 2147483647;
			files = (
			);
			runOnlyForDeploymentPostprocessing = 0;
		};
/* End PBXFrameworksBuildPhase section */

/* Begin PBXGroup section */
		72CA942F29B9341700A04788 = {
			isa = PBXGroup;
			children = (
				72CA943A29B9341700A04788 /* Demo */,
				72CA944C29B9341900A04788 /* DemoTests */,
				72CA945629B9341900A04788 /* DemoUITests */,
				72CA943929B9341700A04788 /* Products */,
			);
			sourceTree = "<group>";
		};
		72CA943929B9341700A04788 /* Products */ = {
			isa = PBXGroup;
			children = (
				72CA943829B9341700A04788 /* Demo.app */,
				72CA944929B9341900A04788 /* DemoTests.xctest */,
				72CA945329B9341900A04788 /* DemoUITests.xctest */,
			);
			name = Products;
			sourceTree = "<group>";
		};
		72CA943A29B9341700A04788 /* Demo */ = {
			isa = PBXGroup;
			children = (
				72CA946929B9356B00A04788 /* TurboOverrides */,
				72CA943B29B9341700A04788 /* DemoApp.swift */,
				72CA943D29B9341700A04788 /* ContentView.swift */,
				72CA947C29BBDAF600A04788 /* TurboView.swift */,
				72CA947629B94A2900A04788 /* NumbersListView.swift */,
				72CA947229B940E400A04788 /* ErrorView.swift */,
				72CA947029B9386500A04788 /* TurboNavigationHelper.swift */,
				722FBDB029BE50EE003753E2 /* NavStack.swift */,
				72CA946E29B9381800A04788 /* SessionGenerator.swift */,
				72CA946C29B937C300A04788 /* TurboUIWrapperView.swift */,
				72CA943F29B9341900A04788 /* Assets.xcassets */,
				72CA947429B9488600A04788 /* path-configuration.json */,
				72CA944129B9341900A04788 /* Demo.entitlements */,
				72CA944229B9341900A04788 /* Preview Content */,
			);
			path = Demo;
			sourceTree = "<group>";
		};
		72CA944229B9341900A04788 /* Preview Content */ = {
			isa = PBXGroup;
			children = (
				72CA944329B9341900A04788 /* Preview Assets.xcassets */,
			);
			path = "Preview Content";
			sourceTree = "<group>";
		};
		72CA944C29B9341900A04788 /* DemoTests */ = {
			isa = PBXGroup;
			children = (
				72CA944D29B9341900A04788 /* DemoTests.swift */,
			);
			path = DemoTests;
			sourceTree = "<group>";
		};
		72CA945629B9341900A04788 /* DemoUITests */ = {
			isa = PBXGroup;
			children = (
				72CA945729B9341900A04788 /* DemoUITests.swift */,
				72CA945929B9341900A04788 /* DemoUITestsLaunchTests.swift */,
			);
			path = DemoUITests;
			sourceTree = "<group>";
		};
		72CA946929B9356B00A04788 /* TurboOverrides */ = {
			isa = PBXGroup;
			children = (
				72CA946A29B9358E00A04788 /* MakeHashable.swift */,
				724D2ACB29BBEEBC001FA5D7 /* VisitableSwiftUIController.swift */,
			);
			path = TurboOverrides;
			sourceTree = "<group>";
		};
/* End PBXGroup section */

/* Begin PBXNativeTarget section */
		72CA943729B9341700A04788 /* Demo */ = {
			isa = PBXNativeTarget;
			buildConfigurationList = 72CA945D29B9341900A04788 /* Build configuration list for PBXNativeTarget "Demo" */;
			buildPhases = (
				72CA943429B9341700A04788 /* Sources */,
				72CA943529B9341700A04788 /* Frameworks */,
				72CA943629B9341700A04788 /* Resources */,
			);
			buildRules = (
			);
			dependencies = (
			);
			name = Demo;
			packageProductDependencies = (
				72CA946729B9348000A04788 /* Turbo */,
			);
			productName = Demo;
			productReference = 72CA943829B9341700A04788 /* Demo.app */;
			productType = "com.apple.product-type.application";
		};
		72CA944829B9341900A04788 /* DemoTests */ = {
			isa = PBXNativeTarget;
			buildConfigurationList = 72CA946029B9341900A04788 /* Build configuration list for PBXNativeTarget "DemoTests" */;
			buildPhases = (
				72CA944529B9341900A04788 /* Sources */,
				72CA944629B9341900A04788 /* Frameworks */,
				72CA944729B9341900A04788 /* Resources */,
			);
			buildRules = (
			);
			dependencies = (
				72CA944B29B9341900A04788 /* PBXTargetDependency */,
			);
			name = DemoTests;
			productName = DemoTests;
			productReference = 72CA944929B9341900A04788 /* DemoTests.xctest */;
			productType = "com.apple.product-type.bundle.unit-test";
		};
		72CA945229B9341900A04788 /* DemoUITests */ = {
			isa = PBXNativeTarget;
			buildConfigurationList = 72CA946329B9341900A04788 /* Build configuration list for PBXNativeTarget "DemoUITests" */;
			buildPhases = (
				72CA944F29B9341900A04788 /* Sources */,
				72CA945029B9341900A04788 /* Frameworks */,
				72CA945129B9341900A04788 /* Resources */,
			);
			buildRules = (
			);
			dependencies = (
				72CA945529B9341900A04788 /* PBXTargetDependency */,
			);
			name = DemoUITests;
			productName = DemoUITests;
			productReference = 72CA945329B9341900A04788 /* DemoUITests.xctest */;
			productType = "com.apple.product-type.bundle.ui-testing";
		};
/* End PBXNativeTarget section */

/* Begin PBXProject section */
		72CA943029B9341700A04788 /* Project object */ = {
			isa = PBXProject;
			attributes = {
				BuildIndependentTargetsInParallel = 1;
				LastSwiftUpdateCheck = 1410;
				LastUpgradeCheck = 1410;
				TargetAttributes = {
					72CA943729B9341700A04788 = {
						CreatedOnToolsVersion = 14.1;
					};
					72CA944829B9341900A04788 = {
						CreatedOnToolsVersion = 14.1;
						TestTargetID = 72CA943729B9341700A04788;
					};
					72CA945229B9341900A04788 = {
						CreatedOnToolsVersion = 14.1;
						TestTargetID = 72CA943729B9341700A04788;
					};
				};
			};
			buildConfigurationList = 72CA943329B9341700A04788 /* Build configuration list for PBXProject "Demo" */;
			compatibilityVersion = "Xcode 14.0";
			developmentRegion = en;
			hasScannedForEncodings = 0;
			knownRegions = (
				en,
				Base,
			);
			mainGroup = 72CA942F29B9341700A04788;
			packageReferences = (
				72CA946629B9348000A04788 /* XCRemoteSwiftPackageReference "turbo-ios" */,
			);
			productRefGroup = 72CA943929B9341700A04788 /* Products */;
			projectDirPath = "";
			projectRoot = "";
			targets = (
				72CA943729B9341700A04788 /* Demo */,
				72CA944829B9341900A04788 /* DemoTests */,
				72CA945229B9341900A04788 /* DemoUITests */,
			);
		};
/* End PBXProject section */

/* Begin PBXResourcesBuildPhase section */
		72CA943629B9341700A04788 /* Resources */ = {
			isa = PBXResourcesBuildPhase;
			buildActionMask = 2147483647;
			files = (
				72CA944429B9341900A04788 /* Preview Assets.xcassets in Resources */,
				72CA944029B9341900A04788 /* Assets.xcassets in Resources */,
				72CA947529B9488600A04788 /* path-configuration.json in Resources */,
			);
			runOnlyForDeploymentPostprocessing = 0;
		};
		72CA944729B9341900A04788 /* Resources */ = {
			isa = PBXResourcesBuildPhase;
			buildActionMask = 2147483647;
			files = (
			);
			runOnlyForDeploymentPostprocessing = 0;
		};
		72CA945129B9341900A04788 /* Resources */ = {
			isa = PBXResourcesBuildPhase;
			buildActionMask = 2147483647;
			files = (
			);
			runOnlyForDeploymentPostprocessing = 0;
		};
/* End PBXResourcesBuildPhase section */

/* Begin PBXSourcesBuildPhase section */
		72CA943429B9341700A04788 /* Sources */ = {
			isa = PBXSourcesBuildPhase;
			buildActionMask = 2147483647;
			files = (
				72CA947129B9386500A04788 /* TurboNavigationHelper.swift in Sources */,
				72CA946F29B9381800A04788 /* SessionGenerator.swift in Sources */,
				724D2ACC29BBEEBC001FA5D7 /* VisitableSwiftUIController.swift in Sources */,
				72CA943E29B9341700A04788 /* ContentView.swift in Sources */,
				72CA947729B94A2900A04788 /* NumbersListView.swift in Sources */,
				72CA947D29BBDAF600A04788 /* TurboView.swift in Sources */,
				72CA946D29B937C300A04788 /* TurboUIWrapperView.swift in Sources */,
				72CA947329B940E400A04788 /* ErrorView.swift in Sources */,
				72CA946B29B9358E00A04788 /* MakeHashable.swift in Sources */,
				722FBDB129BE50EE003753E2 /* NavStack.swift in Sources */,
				72CA943C29B9341700A04788 /* DemoApp.swift in Sources */,
			);
			runOnlyForDeploymentPostprocessing = 0;
		};
		72CA944529B9341900A04788 /* Sources */ = {
			isa = PBXSourcesBuildPhase;
			buildActionMask = 2147483647;
			files = (
				72CA944E29B9341900A04788 /* DemoTests.swift in Sources */,
			);
			runOnlyForDeploymentPostprocessing = 0;
		};
		72CA944F29B9341900A04788 /* Sources */ = {
			isa = PBXSourcesBuildPhase;
			buildActionMask = 2147483647;
			files = (
				72CA945829B9341900A04788 /* DemoUITests.swift in Sources */,
				72CA945A29B9341900A04788 /* DemoUITestsLaunchTests.swift in Sources */,
			);
			runOnlyForDeploymentPostprocessing = 0;
		};
/* End PBXSourcesBuildPhase section */

/* Begin PBXTargetDependency section */
		72CA944B29B9341900A04788 /* PBXTargetDependency */ = {
			isa = PBXTargetDependency;
			target = 72CA943729B9341700A04788 /* Demo */;
			targetProxy = 72CA944A29B9341900A04788 /* PBXContainerItemProxy */;
		};
		72CA945529B9341900A04788 /* PBXTargetDependency */ = {
			isa = PBXTargetDependency;
			target = 72CA943729B9341700A04788 /* Demo */;
			targetProxy = 72CA945429B9341900A04788 /* PBXContainerItemProxy */;
		};
/* End PBXTargetDependency section */

/* Begin XCBuildConfiguration section */
		72CA945B29B9341900A04788 /* Debug */ = {
			isa = XCBuildConfiguration;
			buildSettings = {
				ALWAYS_SEARCH_USER_PATHS = NO;
				CLANG_ANALYZER_NONNULL = YES;
				CLANG_ANALYZER_NUMBER_OBJECT_CONVERSION = YES_AGGRESSIVE;
				CLANG_CXX_LANGUAGE_STANDARD = "gnu++20";
				CLANG_ENABLE_MODULES = YES;
				CLANG_ENABLE_OBJC_ARC = YES;
				CLANG_ENABLE_OBJC_WEAK = YES;
				CLANG_WARN_BLOCK_CAPTURE_AUTORELEASING = YES;
				CLANG_WARN_BOOL_CONVERSION = YES;
				CLANG_WARN_COMMA = YES;
				CLANG_WARN_CONSTANT_CONVERSION = YES;
				CLANG_WARN_DEPRECATED_OBJC_IMPLEMENTATIONS = YES;
				CLANG_WARN_DIRECT_OBJC_ISA_USAGE = YES_ERROR;
				CLANG_WARN_DOCUMENTATION_COMMENTS = YES;
				CLANG_WARN_EMPTY_BODY = YES;
				CLANG_WARN_ENUM_CONVERSION = YES;
				CLANG_WARN_INFINITE_RECURSION = YES;
				CLANG_WARN_INT_CONVERSION = YES;
				CLANG_WARN_NON_LITERAL_NULL_CONVERSION = YES;
				CLANG_WARN_OBJC_IMPLICIT_RETAIN_SELF = YES;
				CLANG_WARN_OBJC_LITERAL_CONVERSION = YES;
				CLANG_WARN_OBJC_ROOT_CLASS = YES_ERROR;
				CLANG_WARN_QUOTED_INCLUDE_IN_FRAMEWORK_HEADER = YES;
				CLANG_WARN_RANGE_LOOP_ANALYSIS = YES;
				CLANG_WARN_STRICT_PROTOTYPES = YES;
				CLANG_WARN_SUSPICIOUS_MOVE = YES;
				CLANG_WARN_UNGUARDED_AVAILABILITY = YES_AGGRESSIVE;
				CLANG_WARN_UNREACHABLE_CODE = YES;
				CLANG_WARN__DUPLICATE_METHOD_MATCH = YES;
				COPY_PHASE_STRIP = NO;
				DEBUG_INFORMATION_FORMAT = dwarf;
				ENABLE_STRICT_OBJC_MSGSEND = YES;
				ENABLE_TESTABILITY = YES;
				GCC_C_LANGUAGE_STANDARD = gnu11;
				GCC_DYNAMIC_NO_PIC = NO;
				GCC_NO_COMMON_BLOCKS = YES;
				GCC_OPTIMIZATION_LEVEL = 0;
				GCC_PREPROCESSOR_DEFINITIONS = (
					"DEBUG=1",
					"$(inherited)",
				);
				GCC_WARN_64_TO_32_BIT_CONVERSION = YES;
				GCC_WARN_ABOUT_RETURN_TYPE = YES_ERROR;
				GCC_WARN_UNDECLARED_SELECTOR = YES;
				GCC_WARN_UNINITIALIZED_AUTOS = YES_AGGRESSIVE;
				GCC_WARN_UNUSED_FUNCTION = YES;
				GCC_WARN_UNUSED_VARIABLE = YES;
				MTL_ENABLE_DEBUG_INFO = INCLUDE_SOURCE;
				MTL_FAST_MATH = YES;
				ONLY_ACTIVE_ARCH = YES;
				SWIFT_ACTIVE_COMPILATION_CONDITIONS = DEBUG;
				SWIFT_OPTIMIZATION_LEVEL = "-Onone";
			};
			name = Debug;
		};
		72CA945C29B9341900A04788 /* Release */ = {
			isa = XCBuildConfiguration;
			buildSettings = {
				ALWAYS_SEARCH_USER_PATHS = NO;
				CLANG_ANALYZER_NONNULL = YES;
				CLANG_ANALYZER_NUMBER_OBJECT_CONVERSION = YES_AGGRESSIVE;
				CLANG_CXX_LANGUAGE_STANDARD = "gnu++20";
				CLANG_ENABLE_MODULES = YES;
				CLANG_ENABLE_OBJC_ARC = YES;
				CLANG_ENABLE_OBJC_WEAK = YES;
				CLANG_WARN_BLOCK_CAPTURE_AUTORELEASING = YES;
				CLANG_WARN_BOOL_CONVERSION = YES;
				CLANG_WARN_COMMA = YES;
				CLANG_WARN_CONSTANT_CONVERSION = YES;
				CLANG_WARN_DEPRECATED_OBJC_IMPLEMENTATIONS = YES;
				CLANG_WARN_DIRECT_OBJC_ISA_USAGE = YES_ERROR;
				CLANG_WARN_DOCUMENTATION_COMMENTS = YES;
				CLANG_WARN_EMPTY_BODY = YES;
				CLANG_WARN_ENUM_CONVERSION = YES;
				CLANG_WARN_INFINITE_RECURSION = YES;
				CLANG_WARN_INT_CONVERSION = YES;
				CLANG_WARN_NON_LITERAL_NULL_CONVERSION = YES;
				CLANG_WARN_OBJC_IMPLICIT_RETAIN_SELF = YES;
				CLANG_WARN_OBJC_LITERAL_CONVERSION = YES;
				CLANG_WARN_OBJC_ROOT_CLASS = YES_ERROR;
				CLANG_WARN_QUOTED_INCLUDE_IN_FRAMEWORK_HEADER = YES;
				CLANG_WARN_RANGE_LOOP_ANALYSIS = YES;
				CLANG_WARN_STRICT_PROTOTYPES = YES;
				CLANG_WARN_SUSPICIOUS_MOVE = YES;
				CLANG_WARN_UNGUARDED_AVAILABILITY = YES_AGGRESSIVE;
				CLANG_WARN_UNREACHABLE_CODE = YES;
				CLANG_WARN__DUPLICATE_METHOD_MATCH = YES;
				COPY_PHASE_STRIP = NO;
				DEBUG_INFORMATION_FORMAT = "dwarf-with-dsym";
				ENABLE_NS_ASSERTIONS = NO;
				ENABLE_STRICT_OBJC_MSGSEND = YES;
				GCC_C_LANGUAGE_STANDARD = gnu11;
				GCC_NO_COMMON_BLOCKS = YES;
				GCC_WARN_64_TO_32_BIT_CONVERSION = YES;
				GCC_WARN_ABOUT_RETURN_TYPE = YES_ERROR;
				GCC_WARN_UNDECLARED_SELECTOR = YES;
				GCC_WARN_UNINITIALIZED_AUTOS = YES_AGGRESSIVE;
				GCC_WARN_UNUSED_FUNCTION = YES;
				GCC_WARN_UNUSED_VARIABLE = YES;
				MTL_ENABLE_DEBUG_INFO = NO;
				MTL_FAST_MATH = YES;
				SWIFT_COMPILATION_MODE = wholemodule;
				SWIFT_OPTIMIZATION_LEVEL = "-O";
			};
			name = Release;
		};
		72CA945E29B9341900A04788 /* Debug */ = {
			isa = XCBuildConfiguration;
			buildSettings = {
				ASSETCATALOG_COMPILER_APPICON_NAME = AppIcon;
				ASSETCATALOG_COMPILER_GLOBAL_ACCENT_COLOR_NAME = AccentColor;
				CODE_SIGN_ENTITLEMENTS = Demo/Demo.entitlements;
				CODE_SIGN_STYLE = Automatic;
				CURRENT_PROJECT_VERSION = 1;
				DEVELOPMENT_ASSET_PATHS = "\"Demo/Preview Content\"";
				ENABLE_PREVIEWS = YES;
				GENERATE_INFOPLIST_FILE = YES;
				"INFOPLIST_KEY_UIApplicationSceneManifest_Generation[sdk=iphoneos*]" = YES;
				"INFOPLIST_KEY_UIApplicationSceneManifest_Generation[sdk=iphonesimulator*]" = YES;
				"INFOPLIST_KEY_UIApplicationSupportsIndirectInputEvents[sdk=iphoneos*]" = YES;
				"INFOPLIST_KEY_UIApplicationSupportsIndirectInputEvents[sdk=iphonesimulator*]" = YES;
				"INFOPLIST_KEY_UILaunchScreen_Generation[sdk=iphoneos*]" = YES;
				"INFOPLIST_KEY_UILaunchScreen_Generation[sdk=iphonesimulator*]" = YES;
				"INFOPLIST_KEY_UIStatusBarStyle[sdk=iphoneos*]" = UIStatusBarStyleDefault;
				"INFOPLIST_KEY_UIStatusBarStyle[sdk=iphonesimulator*]" = UIStatusBarStyleDefault;
				INFOPLIST_KEY_UISupportedInterfaceOrientations_iPad = "UIInterfaceOrientationPortrait UIInterfaceOrientationPortraitUpsideDown UIInterfaceOrientationLandscapeLeft UIInterfaceOrientationLandscapeRight";
				INFOPLIST_KEY_UISupportedInterfaceOrientations_iPhone = "UIInterfaceOrientationPortrait UIInterfaceOrientationLandscapeLeft UIInterfaceOrientationLandscapeRight";
				IPHONEOS_DEPLOYMENT_TARGET = 16.1;
				LD_RUNPATH_SEARCH_PATHS = "@executable_path/Frameworks";
				"LD_RUNPATH_SEARCH_PATHS[sdk=macosx*]" = "@executable_path/../Frameworks";
				MACOSX_DEPLOYMENT_TARGET = 13.0;
				MARKETING_VERSION = 1.0;
				PRODUCT_BUNDLE_IDENTIFIER = dev.hotwire.Demo;
				PRODUCT_NAME = "$(TARGET_NAME)";
				SDKROOT = auto;
				SUPPORTED_PLATFORMS = "iphoneos iphonesimulator macosx";
				SWIFT_EMIT_LOC_STRINGS = YES;
				SWIFT_VERSION = 5.0;
				TARGETED_DEVICE_FAMILY = "1,2";
			};
			name = Debug;
		};
		72CA945F29B9341900A04788 /* Release */ = {
			isa = XCBuildConfiguration;
			buildSettings = {
				ASSETCATALOG_COMPILER_APPICON_NAME = AppIcon;
				ASSETCATALOG_COMPILER_GLOBAL_ACCENT_COLOR_NAME = AccentColor;
				CODE_SIGN_ENTITLEMENTS = Demo/Demo.entitlements;
				CODE_SIGN_STYLE = Automatic;
				CURRENT_PROJECT_VERSION = 1;
				DEVELOPMENT_ASSET_PATHS = "\"Demo/Preview Content\"";
				ENABLE_PREVIEWS = YES;
				GENERATE_INFOPLIST_FILE = YES;
				"INFOPLIST_KEY_UIApplicationSceneManifest_Generation[sdk=iphoneos*]" = YES;
				"INFOPLIST_KEY_UIApplicationSceneManifest_Generation[sdk=iphonesimulator*]" = YES;
				"INFOPLIST_KEY_UIApplicationSupportsIndirectInputEvents[sdk=iphoneos*]" = YES;
				"INFOPLIST_KEY_UIApplicationSupportsIndirectInputEvents[sdk=iphonesimulator*]" = YES;
				"INFOPLIST_KEY_UILaunchScreen_Generation[sdk=iphoneos*]" = YES;
				"INFOPLIST_KEY_UILaunchScreen_Generation[sdk=iphonesimulator*]" = YES;
				"INFOPLIST_KEY_UIStatusBarStyle[sdk=iphoneos*]" = UIStatusBarStyleDefault;
				"INFOPLIST_KEY_UIStatusBarStyle[sdk=iphonesimulator*]" = UIStatusBarStyleDefault;
				INFOPLIST_KEY_UISupportedInterfaceOrientations_iPad = "UIInterfaceOrientationPortrait UIInterfaceOrientationPortraitUpsideDown UIInterfaceOrientationLandscapeLeft UIInterfaceOrientationLandscapeRight";
				INFOPLIST_KEY_UISupportedInterfaceOrientations_iPhone = "UIInterfaceOrientationPortrait UIInterfaceOrientationLandscapeLeft UIInterfaceOrientationLandscapeRight";
				IPHONEOS_DEPLOYMENT_TARGET = 16.1;
				LD_RUNPATH_SEARCH_PATHS = "@executable_path/Frameworks";
				"LD_RUNPATH_SEARCH_PATHS[sdk=macosx*]" = "@executable_path/../Frameworks";
				MACOSX_DEPLOYMENT_TARGET = 13.0;
				MARKETING_VERSION = 1.0;
				PRODUCT_BUNDLE_IDENTIFIER = dev.hotwire.Demo;
				PRODUCT_NAME = "$(TARGET_NAME)";
				SDKROOT = auto;
				SUPPORTED_PLATFORMS = "iphoneos iphonesimulator macosx";
				SWIFT_EMIT_LOC_STRINGS = YES;
				SWIFT_VERSION = 5.0;
				TARGETED_DEVICE_FAMILY = "1,2";
			};
			name = Release;
		};
		72CA946129B9341900A04788 /* Debug */ = {
			isa = XCBuildConfiguration;
			buildSettings = {
				ALWAYS_EMBED_SWIFT_STANDARD_LIBRARIES = YES;
				BUNDLE_LOADER = "$(TEST_HOST)";
				CODE_SIGN_STYLE = Automatic;
				CURRENT_PROJECT_VERSION = 1;
				GENERATE_INFOPLIST_FILE = YES;
				IPHONEOS_DEPLOYMENT_TARGET = 16.1;
				MACOSX_DEPLOYMENT_TARGET = 13.0;
				MARKETING_VERSION = 1.0;
				PRODUCT_BUNDLE_IDENTIFIER = dev.hotwire.DemoTests;
				PRODUCT_NAME = "$(TARGET_NAME)";
				SDKROOT = auto;
				SUPPORTED_PLATFORMS = "iphoneos iphonesimulator macosx";
				SWIFT_EMIT_LOC_STRINGS = NO;
				SWIFT_VERSION = 5.0;
				TARGETED_DEVICE_FAMILY = "1,2";
				TEST_HOST = "$(BUILT_PRODUCTS_DIR)/Demo.app/$(BUNDLE_EXECUTABLE_FOLDER_PATH)/Demo";
			};
			name = Debug;
		};
		72CA946229B9341900A04788 /* Release */ = {
			isa = XCBuildConfiguration;
			buildSettings = {
				ALWAYS_EMBED_SWIFT_STANDARD_LIBRARIES = YES;
				BUNDLE_LOADER = "$(TEST_HOST)";
				CODE_SIGN_STYLE = Automatic;
				CURRENT_PROJECT_VERSION = 1;
				GENERATE_INFOPLIST_FILE = YES;
				IPHONEOS_DEPLOYMENT_TARGET = 16.1;
				MACOSX_DEPLOYMENT_TARGET = 13.0;
				MARKETING_VERSION = 1.0;
				PRODUCT_BUNDLE_IDENTIFIER = dev.hotwire.DemoTests;
				PRODUCT_NAME = "$(TARGET_NAME)";
				SDKROOT = auto;
				SUPPORTED_PLATFORMS = "iphoneos iphonesimulator macosx";
				SWIFT_EMIT_LOC_STRINGS = NO;
				SWIFT_VERSION = 5.0;
				TARGETED_DEVICE_FAMILY = "1,2";
				TEST_HOST = "$(BUILT_PRODUCTS_DIR)/Demo.app/$(BUNDLE_EXECUTABLE_FOLDER_PATH)/Demo";
			};
			name = Release;
		};
		72CA946429B9341900A04788 /* Debug */ = {
			isa = XCBuildConfiguration;
			buildSettings = {
				ALWAYS_EMBED_SWIFT_STANDARD_LIBRARIES = YES;
				CODE_SIGN_STYLE = Automatic;
				CURRENT_PROJECT_VERSION = 1;
				GENERATE_INFOPLIST_FILE = YES;
				IPHONEOS_DEPLOYMENT_TARGET = 16.1;
				MACOSX_DEPLOYMENT_TARGET = 13.0;
				MARKETING_VERSION = 1.0;
				PRODUCT_BUNDLE_IDENTIFIER = dev.hotwire.DemoUITests;
				PRODUCT_NAME = "$(TARGET_NAME)";
				SDKROOT = auto;
				SUPPORTED_PLATFORMS = "iphoneos iphonesimulator macosx";
				SWIFT_EMIT_LOC_STRINGS = NO;
				SWIFT_VERSION = 5.0;
				TARGETED_DEVICE_FAMILY = "1,2";
				TEST_TARGET_NAME = Demo;
			};
			name = Debug;
		};
		72CA946529B9341900A04788 /* Release */ = {
			isa = XCBuildConfiguration;
			buildSettings = {
				ALWAYS_EMBED_SWIFT_STANDARD_LIBRARIES = YES;
				CODE_SIGN_STYLE = Automatic;
				CURRENT_PROJECT_VERSION = 1;
				GENERATE_INFOPLIST_FILE = YES;
				IPHONEOS_DEPLOYMENT_TARGET = 16.1;
				MACOSX_DEPLOYMENT_TARGET = 13.0;
				MARKETING_VERSION = 1.0;
				PRODUCT_BUNDLE_IDENTIFIER = dev.hotwire.DemoUITests;
				PRODUCT_NAME = "$(TARGET_NAME)";
				SDKROOT = auto;
				SUPPORTED_PLATFORMS = "iphoneos iphonesimulator macosx";
				SWIFT_EMIT_LOC_STRINGS = NO;
				SWIFT_VERSION = 5.0;
				TARGETED_DEVICE_FAMILY = "1,2";
				TEST_TARGET_NAME = Demo;
			};
			name = Release;
		};
/* End XCBuildConfiguration section */

/* Begin XCConfigurationList section */
		72CA943329B9341700A04788 /* Build configuration list for PBXProject "Demo" */ = {
			isa = XCConfigurationList;
			buildConfigurations = (
				72CA945B29B9341900A04788 /* Debug */,
				72CA945C29B9341900A04788 /* Release */,
			);
			defaultConfigurationIsVisible = 0;
			defaultConfigurationName = Release;
		};
		72CA945D29B9341900A04788 /* Build configuration list for PBXNativeTarget "Demo" */ = {
			isa = XCConfigurationList;
			buildConfigurations = (
				72CA945E29B9341900A04788 /* Debug */,
				72CA945F29B9341900A04788 /* Release */,
			);
			defaultConfigurationIsVisible = 0;
			defaultConfigurationName = Release;
		};
		72CA946029B9341900A04788 /* Build configuration list for PBXNativeTarget "DemoTests" */ = {
			isa = XCConfigurationList;
			buildConfigurations = (
				72CA946129B9341900A04788 /* Debug */,
				72CA946229B9341900A04788 /* Release */,
			);
			defaultConfigurationIsVisible = 0;
			defaultConfigurationName = Release;
		};
		72CA946329B9341900A04788 /* Build configuration list for PBXNativeTarget "DemoUITests" */ = {
			isa = XCConfigurationList;
			buildConfigurations = (
				72CA946429B9341900A04788 /* Debug */,
				72CA946529B9341900A04788 /* Release */,
			);
			defaultConfigurationIsVisible = 0;
			defaultConfigurationName = Release;
		};
/* End XCConfigurationList section */

/* Begin XCRemoteSwiftPackageReference section */
		72CA946629B9348000A04788 /* XCRemoteSwiftPackageReference "turbo-ios" */ = {
			isa = XCRemoteSwiftPackageReference;
			repositoryURL = "https://github.com/hotwired/turbo-ios";
			requirement = {
				branch = main;
				kind = branch;
			};
		};
/* End XCRemoteSwiftPackageReference section */

/* Begin XCSwiftPackageProductDependency section */
		72CA946729B9348000A04788 /* Turbo */ = {
			isa = XCSwiftPackageProductDependency;
			package = 72CA946629B9348000A04788 /* XCRemoteSwiftPackageReference "turbo-ios" */;
			productName = Turbo;
		};
/* End XCSwiftPackageProductDependency section */
	};
	rootObject = 72CA943029B9341700A04788 /* Project object */;
}
